
Microsoft Visual Studio Solution File, Format Version 12.00
# Visual Studio Version 16
VisualStudioVersion = 16.0.31515.178
MinimumVisualStudioVersion = 10.0.40219.1
Project("{8BC9CEB8-8B4A-11D0-8D11-00A0C91BC942}") = "SandBox", "SandBox\SandBox.vcxproj", "{8A3D3981-E58E-4A30-87C6-24ED5224631F}"
EndProject
Project("{8BC9CEB8-8B4A-11D0-8D11-00A0C91BC942}") = "GameEngineTutorial", "GameEngineTutorial\GameEngineTutorial.vcxproj", "{4E176F6F-6EFF-4770-8398-23346AD7F49B}"
EndProject
Global
	GlobalSection(SolutionConfigurationPlatforms) = preSolution
		Debug|x64 = Debug|x64
		Release|x64 = Release|x64
	EndGlobalSection
	GlobalSection(ProjectConfigurationPlatforms) = postSolution
		{4E176F6F-6EFF-4770-8398-23346AD7F49B}.Debug|x64.ActiveCfg = Debug|x64
		{4E176F6F-6EFF-4770-8398-23346AD7F49B}.Debug|x64.Build.0 = Debug|x64
		{4E176F6F-6EFF-4770-8398-23346AD7F49B}.Release|x64.ActiveCfg = Release|x64
		{4E176F6F-6EFF-4770-8398-23346AD7F49B}.Release|x64.Build.0 = Release|x64
		{8A3D3981-E58E-4A30-87C6-24ED5224631F}.Debug|x64.ActiveCfg = Debug|x64
		{8A3D3981-E58E-4A30-87C6-24ED5224631F}.Debug|x64.Build.0 = Debug|x64
		{8A3D3981-E58E-4A30-87C6-24ED5224631F}.Release|x64.ActiveCfg = Release|x64
		{8A3D3981-E58E-4A30-87C6-24ED5224631F}.Release|x64.Build.0 = Release|x64
	EndGlobalSection
	GlobalSection(SolutionProperties) = preSolution
		HideSolutionNode = FALSE
	EndGlobalSection
	GlobalSection(ExtensibilityGlobals) = postSolution
		SolutionGuid = {3AAF7D1B-C8E6-4E2B-814F-F5FD59760A9B}
	EndGlobalSection
EndGlobal
